// !$*UTF8*$!
{
	archiveVersion = 1;
	classes = {
	};
	objectVersion = 50;
	objects = {

/* Begin PBXBuildFile section */
		901500BF216C2BE40064A9C8 /* AppDelegate.swift in Sources */ = {isa = PBXBuildFile; fileRef = 901500BE216C2BE40064A9C8 /* AppDelegate.swift */; };
		901500C1216C2BE40064A9C8 /* ViewController.swift in Sources */ = {isa = PBXBuildFile; fileRef = 901500C0216C2BE40064A9C8 /* ViewController.swift */; };
		901500C4216C2BE40064A9C8 /* Main.storyboard in Resources */ = {isa = PBXBuildFile; fileRef = 901500C2216C2BE40064A9C8 /* Main.storyboard */; };
		901500C7216C2BE40064A9C8 /* MyContacts.xcdatamodeld in Sources */ = {isa = PBXBuildFile; fileRef = 901500C5216C2BE40064A9C8 /* MyContacts.xcdatamodeld */; };
		901500C9216C2BE50064A9C8 /* Assets.xcassets in Resources */ = {isa = PBXBuildFile; fileRef = 901500C8216C2BE50064A9C8 /* Assets.xcassets */; };
		901500CC216C2BE50064A9C8 /* LaunchScreen.storyboard in Resources */ = {isa = PBXBuildFile; fileRef = 901500CA216C2BE50064A9C8 /* LaunchScreen.storyboard */; };
		901500D6216C40480064A9C8 /* ContactTableViewController.swift in Sources */ = {isa = PBXBuildFile; fileRef = 901500D5216C40480064A9C8 /* ContactTableViewController.swift */; };
/* End PBXBuildFile section */

/* Begin PBXFileReference section */
		901500BB216C2BE40064A9C8 /* MyContacts.app */ = {isa = PBXFileReference; explicitFileType = wrapper.application; includeInIndex = 0; path = MyContacts.app; sourceTree = BUILT_PRODUCTS_DIR; };
		901500BE216C2BE40064A9C8 /* AppDelegate.swift */ = {isa = PBXFileReference; lastKnownFileType = sourcecode.swift; path = AppDelegate.swift; sourceTree = "<group>"; };
		901500C0216C2BE40064A9C8 /* ViewController.swift */ = {isa = PBXFileReference; lastKnownFileType = sourcecode.swift; path = ViewController.swift; sourceTree = "<group>"; };
		901500C3216C2BE40064A9C8 /* Base */ = {isa = PBXFileReference; lastKnownFileType = file.storyboard; name = Base; path = Base.lproj/Main.storyboard; sourceTree = "<group>"; };
		901500C6216C2BE40064A9C8 /* MyContacts.xcdatamodel */ = {isa = PBXFileReference; lastKnownFileType = wrapper.xcdatamodel; path = MyContacts.xcdatamodel; sourceTree = "<group>"; };
		901500C8216C2BE50064A9C8 /* Assets.xcassets */ = {isa = PBXFileReference; lastKnownFileType = folder.assetcatalog; path = Assets.xcassets; sourceTree = "<group>"; };
		901500CB216C2BE50064A9C8 /* Base */ = {isa = PBXFileReference; lastKnownFileType = file.storyboard; name = Base; path = Base.lproj/LaunchScreen.storyboard; sourceTree = "<group>"; };
		901500CD216C2BE50064A9C8 /* Info.plist */ = {isa = PBXFileReference; lastKnownFileType = text.plist.xml; path = Info.plist; sourceTree = "<group>"; };
		901500D5216C40480064A9C8 /* ContactTableViewController.swift */ = {isa = PBXFileReference; lastKnownFileType = sourcecode.swift; path = ContactTableViewController.swift; sourceTree = "<group>"; };
/* End PBXFileReference section */

/* Begin PBXFrameworksBuildPhase section */
		901500B8216C2BE40064A9C8 /* Frameworks */ = {
			isa = PBXFrameworksBuildPhase;
			buildActionMask = 2147483647;
			files = (
			);
			runOnlyForDeploymentPostprocessing = 0;
		};
/* End PBXFrameworksBuildPhase section */

/* Begin PBXGroup section */
		901500B2216C2BE40064A9C8 = {
			isa = PBXGroup;
			children = (
				901500BD216C2BE40064A9C8 /* MyContacts */,
				901500BC216C2BE40064A9C8 /* Products */,
			);
			sourceTree = "<group>";
		};
		901500BC216C2BE40064A9C8 /* Products */ = {
			isa = PBXGroup;
			children = (
				901500BB216C2BE40064A9C8 /* MyContacts.app */,
			);
			name = Products;
			sourceTree = "<group>";
		};
		901500BD216C2BE40064A9C8 /* MyContacts */ = {
			isa = PBXGroup;
			children = (
				901500BE216C2BE40064A9C8 /* AppDelegate.swift */,
				901500C0216C2BE40064A9C8 /* ViewController.swift */,
				901500C2216C2BE40064A9C8 /* Main.storyboard */,
				901500C8216C2BE50064A9C8 /* Assets.xcassets */,
				901500CA216C2BE50064A9C8 /* LaunchScreen.storyboard */,
				901500CD216C2BE50064A9C8 /* Info.plist */,
				901500C5216C2BE40064A9C8 /* MyContacts.xcdatamodeld */,
				901500D5216C40480064A9C8 /* ContactTableViewController.swift */,
			);
			path = MyContacts;
			sourceTree = "<group>";
		};
/* End PBXGroup section */

/* Begin PBXNativeTarget section */
		901500BA216C2BE40064A9C8 /* MyContacts */ = {
			isa = PBXNativeTarget;
			buildConfigurationList = 901500D0216C2BE50064A9C8 /* Build configuration list for PBXNativeTarget "MyContacts" */;
			buildPhases = (
				901500B7216C2BE40064A9C8 /* Sources */,
				901500B8216C2BE40064A9C8 /* Frameworks */,
				901500B9216C2BE40064A9C8 /* Resources */,
			);
			buildRules = (
			);
			dependencies = (
			);
			name = MyContacts;
			productName = MyContacts;
			productReference = 901500BB216C2BE40064A9C8 /* MyContacts.app */;
			productType = "com.apple.product-type.application";
		};
/* End PBXNativeTarget section */

/* Begin PBXProject section */
		901500B3216C2BE40064A9C8 /* Project object */ = {
			isa = PBXProject;
			attributes = {
				LastSwiftUpdateCheck = 0940;
				LastUpgradeCheck = 0940;
				ORGANIZATIONNAME = "Rock Valley College";
				TargetAttributes = {
					901500BA216C2BE40064A9C8 = {
						CreatedOnToolsVersion = 9.4;
					};
				};
			};
			buildConfigurationList = 901500B6216C2BE40064A9C8 /* Build configuration list for PBXProject "MyContacts" */;
			compatibilityVersion = "Xcode 9.3";
			developmentRegion = en;
			hasScannedForEncodings = 0;
			knownRegions = (
				en,
				Base,
			);
			mainGroup = 901500B2216C2BE40064A9C8;
			productRefGroup = 901500BC216C2BE40064A9C8 /* Products */;
			projectDirPath = "";
			projectRoot = "";
			targets = (
				901500BA216C2BE40064A9C8 /* MyContacts */,
			);
		};
/* End PBXProject section */

/* Begin PBXResourcesBuildPhase section */
		901500B9216C2BE40064A9C8 /* Resources */ = {
			isa = PBXResourcesBuildPhase;
			buildActionMask = 2147483647;
			files = (
				901500CC216C2BE50064A9C8 /* LaunchScreen.storyboard in Resources */,
				901500C9216C2BE50064A9C8 /* Assets.xcassets in Resources */,
				901500C4216C2BE40064A9C8 /* Main.storyboard in Resources */,
			);
			runOnlyForDeploymentPostprocessing = 0;
		};
/* End PBXResourcesBuildPhase section */

/* Begin PBXSourcesBuildPhase section */
		901500B7216C2BE40064A9C8 /* Sources */ = {
			isa = PBXSourcesBuildPhase;
			buildActionMask = 2147483647;
			files = (
				901500D6216C40480064A9C8 /* ContactTableViewController.swift in Sources */,
				901500C1216C2BE40064A9C8 /* ViewController.swift in Sources */,
				901500BF216C2BE40064A9C8 /* AppDelegate.swift in Sources */,
				901500C7216C2BE40064A9C8 /* MyContacts.xcdatamodeld in Sources */,
			);
			runOnlyForDeploymentPostprocessing = 0;
		};
/* End PBXSourcesBuildPhase section */

/* Begin PBXVariantGroup section */
		901500C2216C2BE40064A9C8 /* Main.storyboard */ = {
			isa = PBXVariantGroup;
			children = (
				901500C3216C2BE40064A9C8 /* Base */,
			);
			name = Main.storyboard;
			sourceTree = "<group>";
		};
		901500CA216C2BE50064A9C8 /* LaunchScreen.storyboard */ = {
			isa = PBXVariantGroup;
			children = (
				901500CB216C2BE50064A9C8 /* Base */,
			);
			name = LaunchScreen.storyboard;
			sourceTree = "<group>";
		};
/* End PBXVariantGroup section */

/* Begin XCBuildConfiguration section */
		901500CE216C2BE50064A9C8 /* Debug */ = {
			isa = XCBuildConfiguration;
			buildSettings = {
				ALWAYS_SEARCH_USER_PATHS = NO;
				CLANG_ANALYZER_NONNULL = YES;
				CLANG_ANALYZER_NUMBER_OBJECT_CONVERSION = YES_AGGRESSIVE;
				CLANG_CXX_LANGUAGE_STANDARD = "gnu++14";
				CLANG_CXX_LIBRARY = "libc++";
				CLANG_ENABLE_MODULES = YES;
				CLANG_ENABLE_OBJC_ARC = YES;
				CLANG_ENABLE_OBJC_WEAK = YES;
				CLANG_WARN_BLOCK_CAPTURE_AUTORELEASING = YES;
				CLANG_WARN_BOOL_CONVERSION = YES;
				CLANG_WARN_COMMA = YES;
				CLANG_WARN_CONSTANT_CONVERSION = YES;
				CLANG_WARN_DEPRECATED_OBJC_IMPLEMENTATIONS = YES;
				CLANG_WARN_DIRECT_OBJC_ISA_USAGE = YES_ERROR;
				CLANG_WARN_DOCUMENTATION_COMMENTS = YES;
				CLANG_WARN_EMPTY_BODY = YES;
				CLANG_WARN_ENUM_CONVERSION = YES;
				CLANG_WARN_INFINITE_RECURSION = YES;
				CLANG_WARN_INT_CONVERSION = YES;
				CLANG_WARN_NON_LITERAL_NULL_CONVERSION = YES;
				CLANG_WARN_OBJC_IMPLICIT_RETAIN_SELF = YES;
				CLANG_WARN_OBJC_LITERAL_CONVERSION = YES;
				CLANG_WARN_OBJC_ROOT_CLASS = YES_ERROR;
				CLANG_WARN_RANGE_LOOP_ANALYSIS = YES;
				CLANG_WARN_STRICT_PROTOTYPES = YES;
				CLANG_WARN_SUSPICIOUS_MOVE = YES;
				CLANG_WARN_UNGUARDED_AVAILABILITY = YES_AGGRESSIVE;
				CLANG_WARN_UNREACHABLE_CODE = YES;
				CLANG_WARN__DUPLICATE_METHOD_MATCH = YES;
				CODE_SIGN_IDENTITY = "iPhone Developer";
				COPY_PHASE_STRIP = NO;
				DEBUG_INFORMATION_FORMAT = dwarf;
				ENABLE_STRICT_OBJC_MSGSEND = YES;
				ENABLE_TESTABILITY = YES;
				GCC_C_LANGUAGE_STANDARD = gnu11;
				GCC_DYNAMIC_NO_PIC = NO;
				GCC_NO_COMMON_BLOCKS = YES;
				GCC_OPTIMIZATION_LEVEL = 0;
				GCC_PREPROCESSOR_DEFINITIONS = (
					"DEBUG=1",
					"$(inherited)",
				);
				GCC_WARN_64_TO_32_BIT_CONVERSION = YES;
				GCC_WARN_ABOUT_RETURN_TYPE = YES_ERROR;
				GCC_WARN_UNDECLARED_SELECTOR = YES;
				GCC_WARN_UNINITIALIZED_AUTOS = YES_AGGRESSIVE;
				GCC_WARN_UNUSED_FUNCTION = YES;
				GCC_WARN_UNUSED_VARIABLE = YES;
				IPHONEOS_DEPLOYMENT_TARGET = 11.4;
				MTL_ENABLE_DEBUG_INFO = YES;
				ONLY_ACTIVE_ARCH = YES;
				SDKROOT = iphoneos;
				SWIFT_ACTIVE_COMPILATION_CONDITIONS = DEBUG;
				SWIFT_OPTIMIZATION_LEVEL = "-Onone";
			};
			name = Debug;
		};
		901500CF216C2BE50064A9C8 /* Release */ = {
			isa = XCBuildConfiguration;
			buildSettings = {
				ALWAYS_SEARCH_USER_PATHS = NO;
				CLANG_ANALYZER_NONNULL = YES;
				CLANG_ANALYZER_NUMBER_OBJECT_CONVERSION = YES_AGGRESSIVE;
				CLANG_CXX_LANGUAGE_STANDARD = "gnu++14";
				CLANG_CXX_LIBRARY = "libc++";
				CLANG_ENABLE_MODULES = YES;
				CLANG_ENABLE_OBJC_ARC = YES;
				CLANG_ENABLE_OBJC_WEAK = YES;
				CLANG_WARN_BLOCK_CAPTURE_AUTORELEASING = YES;
				CLANG_WARN_BOOL_CONVERSION = YES;
				CLANG_WARN_COMMA = YES;
				CLANG_WARN_CONSTANT_CONVERSION = YES;
				CLANG_WARN_DEPRECATED_OBJC_IMPLEMENTATIONS = YES;
				CLANG_WARN_DIRECT_OBJC_ISA_USAGE = YES_ERROR;
				CLANG_WARN_DOCUMENTATION_COMMENTS = YES;
				CLANG_WARN_EMPTY_BODY = YES;
				CLANG_WARN_ENUM_CONVERSION = YES;
				CLANG_WARN_INFINITE_RECURSION = YES;
				CLANG_WARN_INT_CONVERSION = YES;
				CLANG_WARN_NON_LITERAL_NULL_CONVERSION = YES;
				CLANG_WARN_OBJC_IMPLICIT_RETAIN_SELF = YES;
				CLANG_WARN_OBJC_LITERAL_CONVERSION = YES;
				CLANG_WARN_OBJC_ROOT_CLASS = YES_ERROR;
				CLANG_WARN_RANGE_LOOP_ANALYSIS = YES;
				CLANG_WARN_STRICT_PROTOTYPES = YES;
				CLANG_WARN_SUSPICIOUS_MOVE = YES;
				CLANG_WARN_UNGUARDED_AVAILABILITY = YES_AGGRESSIVE;
				CLANG_WARN_UNREACHABLE_CODE = YES;
				CLANG_WARN__DUPLICATE_METHOD_MATCH = YES;
				CODE_SIGN_IDENTITY = "iPhone Developer";
				COPY_PHASE_STRIP = NO;
				DEBUG_INFORMATION_FORMAT = "dwarf-with-dsym";
				ENABLE_NS_ASSERTIONS = NO;
				ENABLE_STRICT_OBJC_MSGSEND = YES;
				GCC_C_LANGUAGE_STANDARD = gnu11;
				GCC_NO_COMMON_BLOCKS = YES;
				GCC_WARN_64_TO_32_BIT_CONVERSION = YES;
				GCC_WARN_ABOUT_RETURN_TYPE = YES_ERROR;
				GCC_WARN_UNDECLARED_SELECTOR = YES;
				GCC_WARN_UNINITIALIZED_AUTOS = YES_AGGRESSIVE;
				GCC_WARN_UNUSED_FUNCTION = YES;
				GCC_WARN_UNUSED_VARIABLE = YES;
				IPHONEOS_DEPLOYMENT_TARGET = 11.4;
				MTL_ENABLE_DEBUG_INFO = NO;
				SDKROOT = iphoneos;
				SWIFT_COMPILATION_MODE = wholemodule;
				SWIFT_OPTIMIZATION_LEVEL = "-O";
				VALIDATE_PRODUCT = YES;
			};
			name = Release;
		};
		901500D1216C2BE50064A9C8 /* Debug */ = {
			isa = XCBuildConfiguration;
			buildSettings = {
				ASSETCATALOG_COMPILER_APPICON_NAME = AppIcon;
				CODE_SIGN_STYLE = Automatic;
				INFOPLIST_FILE = MyContacts/Info.plist;
				LD_RUNPATH_SEARCH_PATHS = (
					"$(inherited)",
					"@executable_path/Frameworks",
				);
				PRODUCT_BUNDLE_IDENTIFIER = edu.RockValleyCollege.MyContacts;
				PRODUCT_NAME = "$(TARGET_NAME)";
				SWIFT_VERSION = 4.0;
				TARGETED_DEVICE_FAMILY = "1,2";
			};
			name = Debug;
		};
		901500D2216C2BE50064A9C8 /* Release */ = {
			isa = XCBuildConfiguration;
			buildSettings = {
				ASSETCATALOG_COMPILER_APPICON_NAME = AppIcon;
				CODE_SIGN_STYLE = Automatic;
				INFOPLIST_FILE = MyContacts/Info.plist;
				LD_RUNPATH_SEARCH_PATHS = (
					"$(inherited)",
					"@executable_path/Frameworks",
				);
				PRODUCT_BUNDLE_IDENTIFIER = edu.RockValleyCollege.MyContacts;
				PRODUCT_NAME = "$(TARGET_NAME)";
				SWIFT_VERSION = 4.0;
				TARGETED_DEVICE_FAMILY = "1,2";
			};
			name = Release;
		};
/* End XCBuildConfiguration section */

/* Begin XCConfigurationList section */
		901500B6216C2BE40064A9C8 /* Build configuration list for PBXProject "MyContacts" */ = {
			isa = XCConfigurationList;
			buildConfigurations = (
				901500CE216C2BE50064A9C8 /* Debug */,
				901500CF216C2BE50064A9C8 /* Release */,
			);
			defaultConfigurationIsVisible = 0;
			defaultConfigurationName = Release;
		};
		901500D0216C2BE50064A9C8 /* Build configuration list for PBXNativeTarget "MyContacts" */ = {
			isa = XCConfigurationList;
			buildConfigurations = (
				901500D1216C2BE50064A9C8 /* Debug */,
				901500D2216C2BE50064A9C8 /* Release */,
			);
			defaultConfigurationIsVisible = 0;
			defaultConfigurationName = Release;
		};
/* End XCConfigurationList section */

/* Begin XCVersionGroup section */
		901500C5216C2BE40064A9C8 /* MyContacts.xcdatamodeld */ = {
			isa = XCVersionGroup;
			children = (
				901500C6216C2BE40064A9C8 /* MyContacts.xcdatamodel */,
			);
			currentVersion = 901500C6216C2BE40064A9C8 /* MyContacts.xcdatamodel */;
			path = MyContacts.xcdatamodeld;
			sourceTree = "<group>";
			versionGroupType = wrapper.xcdatamodel;
		};
/* End XCVersionGroup section */
	};
	rootObject = 901500B3216C2BE40064A9C8 /* Project object */;
}
